
Microsoft Visual Studio Solution File, Format Version 12.00
# Visual Studio Version 17
VisualStudioVersion = 17.1.32228.430
MinimumVisualStudioVersion = 10.0.40219.1
Project("{FAE04EC0-301F-11D3-BF4B-00C04F79EFBC}") = "pjVebtaHeredada", "pjVebtaHeredada\pjVebtaHeredada.csproj", "{B7682905-AEC1-41BB-B78A-164009EBD2FB}"
EndProject
Project("{FAE04EC0-301F-11D3-BF4B-00C04F79EFBC}") = "Modelo", "Modelo\Modelo.csproj", "{39CCD92A-98F3-4612-AFA3-E09FD4956B90}"
EndProject
Global
	GlobalSection(SolutionConfigurationPlatforms) = preSolution
		Debug|Any CPU = Debug|Any CPU
		Release|Any CPU = Release|Any CPU
	EndGlobalSection
	GlobalSection(ProjectConfigurationPlatforms) = postSolution
		{B7682905-AEC1-41BB-B78A-164009EBD2FB}.Debug|Any CPU.ActiveCfg = Debug|Any CPU
		{B7682905-AEC1-41BB-B78A-164009EBD2FB}.Debug|Any CPU.Build.0 = Debug|Any CPU
		{B7682905-AEC1-41BB-B78A-164009EBD2FB}.Release|Any CPU.ActiveCfg = Release|Any CPU
		{B7682905-AEC1-41BB-B78A-164009EBD2FB}.Release|Any CPU.Build.0 = Release|Any CPU
		{39CCD92A-98F3-4612-AFA3-E09FD4956B90}.Debug|Any CPU.ActiveCfg = Debug|Any CPU
		{39CCD92A-98F3-4612-AFA3-E09FD4956B90}.Debug|Any CPU.Build.0 = Debug|Any CPU
		{39CCD92A-98F3-4612-AFA3-E09FD4956B90}.Release|Any CPU.ActiveCfg = Release|Any CPU
		{39CCD92A-98F3-4612-AFA3-E09FD4956B90}.Release|Any CPU.Build.0 = Release|Any CPU
	EndGlobalSection
	GlobalSection(SolutionProperties) = preSolution
		HideSolutionNode = FALSE
	EndGlobalSection
	GlobalSection(ExtensibilityGlobals) = postSolution
		SolutionGuid = {EE5C8C39-4237-4172-8410-4B7D205EE6D7}
	EndGlobalSection
EndGlobal
